
Microsoft Visual Studio Solution File, Format Version 12.00
# Visual Studio Version 17
VisualStudioVersion = 17.11.35312.102
MinimumVisualStudioVersion = 10.0.40219.1
Project("{FAE04EC0-301F-11D3-BF4B-00C04F79EFBC}") = "Testclass", "Testclass.csproj", "{AF1CC450-9B5C-4959-80B7-AA3FD7FFF42E}"
EndProject
Global
	GlobalSection(SolutionConfigurationPlatforms) = preSolution
		Debug|Any CPU = Debug|Any CPU
		Release|Any CPU = Release|Any CPU
	EndGlobalSection
	GlobalSection(ProjectConfigurationPlatforms) = postSolution
		{AF1CC450-9B5C-4959-80B7-AA3FD7FFF42E}.Debug|Any CPU.ActiveCfg = Debug|Any CPU
		{AF1CC450-9B5C-4959-80B7-AA3FD7FFF42E}.Debug|Any CPU.Build.0 = Debug|Any CPU
		{AF1CC450-9B5C-4959-80B7-AA3FD7FFF42E}.Release|Any CPU.ActiveCfg = Release|Any CPU
		{AF1CC450-9B5C-4959-80B7-AA3FD7FFF42E}.Release|Any CPU.Build.0 = Release|Any CPU
	EndGlobalSection
	GlobalSection(SolutionProperties) = preSolution
		HideSolutionNode = FALSE
	EndGlobalSection
	GlobalSection(ExtensibilityGlobals) = postSolution
		SolutionGuid = {E7160885-F685-483C-8A32-78BBB9F9FD85}
	EndGlobalSection
EndGlobal
