
Microsoft Visual Studio Solution File, Format Version 12.00
# Visual Studio Version 17
VisualStudioVersion = 17.11.35312.102
MinimumVisualStudioVersion = 10.0.40219.1
Project("{FAE04EC0-301F-11D3-BF4B-00C04F79EFBC}") = "ConsoleApp2", "ConsoleApp2.csproj", "{A72444FE-3C90-472E-8E84-0F9C4A33C2BF}"
EndProject
Global
	GlobalSection(SolutionConfigurationPlatforms) = preSolution
		Debug|Any CPU = Debug|Any CPU
		Release|Any CPU = Release|Any CPU
	EndGlobalSection
	GlobalSection(ProjectConfigurationPlatforms) = postSolution
		{A72444FE-3C90-472E-8E84-0F9C4A33C2BF}.Debug|Any CPU.ActiveCfg = Debug|Any CPU
		{A72444FE-3C90-472E-8E84-0F9C4A33C2BF}.Debug|Any CPU.Build.0 = Debug|Any CPU
		{A72444FE-3C90-472E-8E84-0F9C4A33C2BF}.Release|Any CPU.ActiveCfg = Release|Any CPU
		{A72444FE-3C90-472E-8E84-0F9C4A33C2BF}.Release|Any CPU.Build.0 = Release|Any CPU
	EndGlobalSection
	GlobalSection(SolutionProperties) = preSolution
		HideSolutionNode = FALSE
	EndGlobalSection
	GlobalSection(ExtensibilityGlobals) = postSolution
		SolutionGuid = {E0AB5D32-CA07-49DE-9530-7652C38D345C}
	EndGlobalSection
EndGlobal
