
Microsoft Visual Studio Solution File, Format Version 12.00
# Visual Studio Version 17
VisualStudioVersion = 17.10.35122.118
MinimumVisualStudioVersion = 10.0.40219.1
Project("{FAE04EC0-301F-11D3-BF4B-00C04F79EFBC}") = "try", "try.csproj", "{F7B18933-722A-43F5-B49C-93A808528097}"
EndProject
Global
	GlobalSection(SolutionConfigurationPlatforms) = preSolution
		Debug|Any CPU = Debug|Any CPU
		Release|Any CPU = Release|Any CPU
	EndGlobalSection
	GlobalSection(ProjectConfigurationPlatforms) = postSolution
		{F7B18933-722A-43F5-B49C-93A808528097}.Debug|Any CPU.ActiveCfg = Debug|Any CPU
		{F7B18933-722A-43F5-B49C-93A808528097}.Debug|Any CPU.Build.0 = Debug|Any CPU
		{F7B18933-722A-43F5-B49C-93A808528097}.Release|Any CPU.ActiveCfg = Release|Any CPU
		{F7B18933-722A-43F5-B49C-93A808528097}.Release|Any CPU.Build.0 = Release|Any CPU
	EndGlobalSection
	GlobalSection(SolutionProperties) = preSolution
		HideSolutionNode = FALSE
	EndGlobalSection
	GlobalSection(ExtensibilityGlobals) = postSolution
		SolutionGuid = {4992B349-9B8B-49ED-9778-C84BC80DCFF9}
	EndGlobalSection
EndGlobal
