
Microsoft Visual Studio Solution File, Format Version 12.00
# Visual Studio Version 17
VisualStudioVersion = 17.11.35312.102
MinimumVisualStudioVersion = 10.0.40219.1
Project("{FAE04EC0-301F-11D3-BF4B-00C04F79EFBC}") = "Imageslidebutton", "Imageslidebutton.csproj", "{205A7F77-07CF-4977-925A-F138458E7C6F}"
EndProject
Global
	GlobalSection(SolutionConfigurationPlatforms) = preSolution
		Debug|Any CPU = Debug|Any CPU
		Release|Any CPU = Release|Any CPU
	EndGlobalSection
	GlobalSection(ProjectConfigurationPlatforms) = postSolution
		{205A7F77-07CF-4977-925A-F138458E7C6F}.Debug|Any CPU.ActiveCfg = Debug|Any CPU
		{205A7F77-07CF-4977-925A-F138458E7C6F}.Debug|Any CPU.Build.0 = Debug|Any CPU
		{205A7F77-07CF-4977-925A-F138458E7C6F}.Release|Any CPU.ActiveCfg = Release|Any CPU
		{205A7F77-07CF-4977-925A-F138458E7C6F}.Release|Any CPU.Build.0 = Release|Any CPU
	EndGlobalSection
	GlobalSection(SolutionProperties) = preSolution
		HideSolutionNode = FALSE
	EndGlobalSection
	GlobalSection(ExtensibilityGlobals) = postSolution
		SolutionGuid = {C4CCFC53-7B17-4F4F-AD6E-D2199424ECB4}
	EndGlobalSection
EndGlobal
