
Microsoft Visual Studio Solution File, Format Version 12.00
# Visual Studio Version 17
VisualStudioVersion = 17.11.35312.102
MinimumVisualStudioVersion = 10.0.40219.1
Project("{FAE04EC0-301F-11D3-BF4B-00C04F79EFBC}") = "Encrypt", "Encrypt.csproj", "{307DF033-80D9-4C8C-8FEE-CA1C492004B3}"
EndProject
Global
	GlobalSection(SolutionConfigurationPlatforms) = preSolution
		Debug|Any CPU = Debug|Any CPU
		Release|Any CPU = Release|Any CPU
	EndGlobalSection
	GlobalSection(ProjectConfigurationPlatforms) = postSolution
		{307DF033-80D9-4C8C-8FEE-CA1C492004B3}.Debug|Any CPU.ActiveCfg = Debug|Any CPU
		{307DF033-80D9-4C8C-8FEE-CA1C492004B3}.Debug|Any CPU.Build.0 = Debug|Any CPU
		{307DF033-80D9-4C8C-8FEE-CA1C492004B3}.Release|Any CPU.ActiveCfg = Release|Any CPU
		{307DF033-80D9-4C8C-8FEE-CA1C492004B3}.Release|Any CPU.Build.0 = Release|Any CPU
	EndGlobalSection
	GlobalSection(SolutionProperties) = preSolution
		HideSolutionNode = FALSE
	EndGlobalSection
	GlobalSection(ExtensibilityGlobals) = postSolution
		SolutionGuid = {935D13E7-9FFD-40B3-A262-7CE8F176F98D}
	EndGlobalSection
EndGlobal
